
Microsoft Visual Studio Solution File, Format Version 12.00
# Visual Studio Version 17
VisualStudioVersion = 17.9.34723.18
MinimumVisualStudioVersion = 10.0.40219.1
Project("{FAE04EC0-301F-11D3-BF4B-00C04F79EFBC}") = "Grupp3Hattmakaren", "Grupp3Hattmakaren.csproj", "{A566F441-26FD-4C4C-B5D1-4F96D2DA946A}"
EndProject
Global
	GlobalSection(SolutionConfigurationPlatforms) = preSolution
		Debug|Any CPU = Debug|Any CPU
		Release|Any CPU = Release|Any CPU
	EndGlobalSection
	GlobalSection(ProjectConfigurationPlatforms) = postSolution
		{A566F441-26FD-4C4C-B5D1-4F96D2DA946A}.Debug|Any CPU.ActiveCfg = Debug|Any CPU
		{A566F441-26FD-4C4C-B5D1-4F96D2DA946A}.Debug|Any CPU.Build.0 = Debug|Any CPU
		{A566F441-26FD-4C4C-B5D1-4F96D2DA946A}.Release|Any CPU.ActiveCfg = Release|Any CPU
		{A566F441-26FD-4C4C-B5D1-4F96D2DA946A}.Release|Any CPU.Build.0 = Release|Any CPU
	EndGlobalSection
	GlobalSection(SolutionProperties) = preSolution
		HideSolutionNode = FALSE
	EndGlobalSection
	GlobalSection(ExtensibilityGlobals) = postSolution
		SolutionGuid = {3C218048-9502-4B10-85E3-3B179D0246CE}
	EndGlobalSection
EndGlobal
